<Project xmlns="http://schemas.microsoft.com/developer/msbuild/2003">
    <PropertyGroup>
        <ProjectGuid>{321D5152-E8C0-443E-9347-A5DB88ECB785}</ProjectGuid>
        <ProjectVersion>19.2</ProjectVersion>
        <FrameworkType>VCL</FrameworkType>
        <MainSource>CAZ.dpr</MainSource>
        <Base>True</Base>
        <Config Condition="'$(Config)'==''">Debug</Config>
        <Platform Condition="'$(Platform)'==''">Win32</Platform>
        <TargetedPlatforms>1</TargetedPlatforms>
        <AppType>Application</AppType>
    </PropertyGroup>
    <PropertyGroup Condition="'$(Config)'=='Base' or '$(Base)'!=''">
        <Base>true</Base>
    </PropertyGroup>
    <PropertyGroup Condition="('$(Platform)'=='Win32' and '$(Base)'=='true') or '$(Base_Win32)'!=''">
        <Base_Win32>true</Base_Win32>
        <CfgParent>Base</CfgParent>
        <Base>true</Base>
    </PropertyGroup>
    <PropertyGroup Condition="('$(Platform)'=='Win64' and '$(Base)'=='true') or '$(Base_Win64)'!=''">
        <Base_Win64>true</Base_Win64>
        <CfgParent>Base</CfgParent>
        <Base>true</Base>
    </PropertyGroup>
    <PropertyGroup Condition="'$(Config)'=='Debug' or '$(Cfg_1)'!=''">
        <Cfg_1>true</Cfg_1>
        <CfgParent>Base</CfgParent>
        <Base>true</Base>
    </PropertyGroup>
    <PropertyGroup Condition="('$(Platform)'=='Win32' and '$(Cfg_1)'=='true') or '$(Cfg_1_Win32)'!=''">
        <Cfg_1_Win32>true</Cfg_1_Win32>
        <CfgParent>Cfg_1</CfgParent>
        <Cfg_1>true</Cfg_1>
        <Base>true</Base>
    </PropertyGroup>
    <PropertyGroup Condition="'$(Config)'=='Release' or '$(Cfg_2)'!=''">
        <Cfg_2>true</Cfg_2>
        <CfgParent>Base</CfgParent>
        <Base>true</Base>
    </PropertyGroup>
    <PropertyGroup Condition="('$(Platform)'=='Win32' and '$(Cfg_2)'=='true') or '$(Cfg_2_Win32)'!=''">
        <Cfg_2_Win32>true</Cfg_2_Win32>
        <CfgParent>Cfg_2</CfgParent>
        <Cfg_2>true</Cfg_2>
        <Base>true</Base>
    </PropertyGroup>
    <PropertyGroup Condition="'$(Base)'!=''">
        <DCC_E>false</DCC_E>
        <DCC_N>false</DCC_N>
        <DCC_S>false</DCC_S>
        <DCC_F>false</DCC_F>
        <DCC_K>false</DCC_K>
        <DCC_UsePackage>RESTBackendComponents;CloudService;soaprtl;soapmidas;RESTComponents;emsclientfiredac;DataSnapFireDAC;FireDACIBDriver;emsclient;FireDACCommon;soapserver;FireDACCommonDriver;inet;FireDAC;FireDACSqliteDriver;$(DCC_UsePackage)</DCC_UsePackage>
        <DCC_Namespace>System;Xml;Data;Datasnap;Web;Soap;Vcl;Vcl.Imaging;Vcl.Touch;Vcl.Samples;Vcl.Shell;$(DCC_Namespace)</DCC_Namespace>
        <Icon_MainIcon>$(BDS)\bin\delphi_PROJECTICON.ico</Icon_MainIcon>
        <Icns_MainIcns>$(BDS)\bin\delphi_PROJECTICNS.icns</Icns_MainIcns>
        <SanitizedProjectName>CAZ</SanitizedProjectName>
    </PropertyGroup>
    <PropertyGroup Condition="'$(Base_Win32)'!=''">
        <DCC_UsePackage>DBXSqliteDriver;dxSpreadSheetCoreDialogsRS25;dxRibbonCustomizationFormRS25;DBXDb2Driver;dxPSPrVwRibbonRS25;vclactnband;frxIntIOIndy25;vclFireDAC;cxExportRS25;dxSpreadSheetInplaceRichEditRS25;dxHttpIndyRequestRS25;tethering;dxPScxCommonRS25;uniGUI25Chart;FireDACADSDriver;cxPivotGridOLAPRS25;rbRCL1825;rbDAD1825;FireDACMSSQLDriver;dclRBE1825;vcltouch;vcldb;svn;rbUSER1825;rbFireDAC1825;dxGaugeControlRS25;cxLibraryRS25;rbIBE1825;vclib;FireDACDBXDriver;QImport3RT;rbIDE1825;rbRTL1825;vclx;dclRBDBE1825;dxSpreadSheetConditionalFormattingDialogsRS25;rbDIDE1825;dxTileControlRS25;dxMapControlRS25;TUniFalcon25;dxPDFViewerRS25;dxDockingRS25;VCLRESTComponents;cxPageControlRS25;dxPSLnksRS25;dxWizardControlRS25;dxRichEditControlRS25;vclie;fs25;bindengine;ibdacfmx250;dxFireDACServerModeRS25;FireDACMySQLDriver;rbTCUI1825;DataSnapClient;dxPSdxPDFViewerLnkRS25;rbRIDE1825;bindcompdbx;dxPSdxLCLnkRS25;DBXSybaseASEDriver;IndyIPServer;dac250;IndySystem;dsnapcon;dxLayoutControlRS25;dxPSRichEditControlLnkRS25;FireDACMSAccDriver;fmxFireDAC;FireDACInfxDriver;vclimg;ibdac250;rbRAP1825;rbTC1825;dxPScxTLLnkRS25;fsADO25;ibdacvcl250;emshosting;dxSpreadSheetRS25;rbBDE1825;frxADO25;DBXOdbcDriver;FireDACTDataDriver;FMXTee;cxGridRS25;dxSpreadSheetCoreConditionalFormattingDialogsRS25;DbxCommonDriver;xmlrtl;DataSnapNativeClient;fmxobj;dxPScxGridLnkRS25;frx25;rtl;DbxClientDriver;dacvcl250;DBXSybaseASADriver;dxPSCoreRS25;dxmdsRS25;fsDB25;appanalytics;IndyIPClient;bindcompvcl;dxThemeRS25;TeeUI;rbDBE1825;VclSmp;FireDACODBCDriver;DataSnapIndy10ServerTransport;DataSnapProviderClient;frxIBX25;FireDACMongoDBDriver;cxVerticalGridRS25;dclRBFireDAC1825;dxADOServerModeRS25;DataSnapServerMidas;dxCoreRS25;frxcs25;dxRichEditControlCoreRS25;DBXInterBaseDriver;dxPSTeeChartRS25;svnui;frxe25;DBXMSSQLDriver;rbADO1825;DatasnapConnectorsFreePascal;dxRichEditCoreRS25;bindcompfmx;DBXOracleDriver;fsIBX25;inetdb;dxOfficeCoreRS25;FmxTeeUI;emsedge;fmx;fmxdae;dxPScxPivotGridLnkRS25;dxTabbedMDIRS25;dxBarDBNavRS25;frxDB25;frxTee25;dbexpress;IndyCore;dxRichEditDocumentModelRS25;dsnap;DataSnapCommon;fsTee25;dxBarRS25;dxPSDBTeeChartRS25;DataSnapConnectors;uniGUI25m;rbUSERDesign1825;dxPScxExtCommonRS25;cxPivotGridRS25;dclRBADO1825;dxSpreadSheetReportDesignerRS25;dxNavBarRS25;dxPSdxSpreadSheetLnkRS25;FireDACOracleDriver;DBXMySQLDriver;QExport4RT_D25;DBXFirebirdDriver;dclRBIBE1825;FireDACCommonODBC;cxTreeListRS25;IndyIPCommon;vcl;dxPScxVGridLnkRS25;dxBarExtItemsRS25;dxComnRS25;FireDACDb2Driver;uniGUI25;TeeDB;dxSpreadSheetCoreRS25;dxServerModeRS25;dxPScxPCProdRS25;FireDACPgDriver;ibmonitor;FireDACASADriver;cxEditorsRS25;rbDB1825;ibxpress;Tee;DataSnapServer;ibxbindings;rbCIDE1825;dxPsPrVwAdvRS25;vclwinx;FireDACDSDriver;cxDataRS25;dxRichEditInplaceRS25;cxTreeListdxBarPopupMenuRS25;CustomIPTransport;vcldsnap;frxIntIO25;bindcomp;DBXInformixDriver;crcontrols250;cxPivotGridChartRS25;dxBarExtDBItemsRS25;frxDBX25;dxDBXServerModeRS25;dxGDIPlusRS25;rbRest1825;dxPSdxGaugeControlLnkRS25;dbxcds;adortl;dacfmx250;uniGUI25VCL;dxRibbonRS25;dsnapxml;dbrtl;inetdbxpress;IndyProtocols;dxPSdxMapControlLnkRS25;uSynEdit_R2021;fmxase;$(DCC_UsePackage)</DCC_UsePackage>
        <DCC_Namespace>Winapi;System.Win;Data.Win;Datasnap.Win;Web.Win;Soap.Win;Xml.Win;Bde;$(DCC_Namespace)</DCC_Namespace>
        <BT_BuildType>Debug</BT_BuildType>
        <VerInfo_IncludeVerInfo>true</VerInfo_IncludeVerInfo>
        <VerInfo_Keys>CompanyName=;FileDescription=$(MSBuildProjectName);FileVersion=1.0.0.0;InternalName=;LegalCopyright=;LegalTrademarks=;OriginalFilename=;ProgramID=com.embarcadero.$(MSBuildProjectName);ProductName=$(MSBuildProjectName);ProductVersion=1.0.0.0;Comments=</VerInfo_Keys>
        <VerInfo_Locale>1033</VerInfo_Locale>
        <Manifest_File>$(BDS)\bin\default_app.manifest</Manifest_File>
    </PropertyGroup>
    <PropertyGroup Condition="'$(Base_Win64)'!=''">
        <DCC_UsePackage>DBXSqliteDriver;dxSpreadSheetCoreDialogsRS25;dxRibbonCustomizationFormRS25;DBXDb2Driver;dxPSPrVwRibbonRS25;vclactnband;vclFireDAC;cxExportRS25;dxSpreadSheetInplaceRichEditRS25;dxHttpIndyRequestRS25;tethering;dxPScxCommonRS25;uniGUI25Chart;FireDACADSDriver;cxPivotGridOLAPRS25;FireDACMSSQLDriver;vcltouch;vcldb;dxGaugeControlRS25;cxLibraryRS25;vclib;FireDACDBXDriver;QImport3RT;vclx;dxSpreadSheetConditionalFormattingDialogsRS25;dxTileControlRS25;dxMapControlRS25;dxPDFViewerRS25;dxDockingRS25;VCLRESTComponents;cxPageControlRS25;dxPSLnksRS25;dxWizardControlRS25;dxRichEditControlRS25;vclie;bindengine;dxFireDACServerModeRS25;FireDACMySQLDriver;DataSnapClient;dxPSdxPDFViewerLnkRS25;bindcompdbx;dxPSdxLCLnkRS25;DBXSybaseASEDriver;IndyIPServer;IndySystem;dsnapcon;dxLayoutControlRS25;dxPSRichEditControlLnkRS25;FireDACMSAccDriver;fmxFireDAC;FireDACInfxDriver;vclimg;dxPScxTLLnkRS25;emshosting;dxSpreadSheetRS25;DBXOdbcDriver;FireDACTDataDriver;FMXTee;cxGridRS25;dxSpreadSheetCoreConditionalFormattingDialogsRS25;DbxCommonDriver;xmlrtl;DataSnapNativeClient;fmxobj;dxPScxGridLnkRS25;rtl;DbxClientDriver;DBXSybaseASADriver;dxPSCoreRS25;dxmdsRS25;appanalytics;IndyIPClient;bindcompvcl;dxThemeRS25;TeeUI;VclSmp;FireDACODBCDriver;DataSnapIndy10ServerTransport;DataSnapProviderClient;FireDACMongoDBDriver;cxVerticalGridRS25;dxADOServerModeRS25;DataSnapServerMidas;dxCoreRS25;dxRichEditControlCoreRS25;DBXInterBaseDriver;dxPSTeeChartRS25;DBXMSSQLDriver;DatasnapConnectorsFreePascal;dxRichEditCoreRS25;bindcompfmx;DBXOracleDriver;inetdb;dxOfficeCoreRS25;FmxTeeUI;emsedge;fmx;fmxdae;dxPScxPivotGridLnkRS25;dxTabbedMDIRS25;dxBarDBNavRS25;dbexpress;IndyCore;dxRichEditDocumentModelRS25;dsnap;DataSnapCommon;dxBarRS25;dxPSDBTeeChartRS25;DataSnapConnectors;uniGUI25m;dxPScxExtCommonRS25;cxPivotGridRS25;dxSpreadSheetReportDesignerRS25;dxNavBarRS25;dxPSdxSpreadSheetLnkRS25;FireDACOracleDriver;DBXMySQLDriver;DBXFirebirdDriver;FireDACCommonODBC;cxTreeListRS25;IndyIPCommon;vcl;dxPScxVGridLnkRS25;dxBarExtItemsRS25;dxComnRS25;FireDACDb2Driver;uniGUI25;TeeDB;dxSpreadSheetCoreRS25;dxServerModeRS25;dxPScxPCProdRS25;FireDACPgDriver;ibmonitor;FireDACASADriver;cxEditorsRS25;ibxpress;Tee;DataSnapServer;ibxbindings;dxPsPrVwAdvRS25;vclwinx;FireDACDSDriver;cxDataRS25;dxRichEditInplaceRS25;cxTreeListdxBarPopupMenuRS25;CustomIPTransport;vcldsnap;bindcomp;DBXInformixDriver;cxPivotGridChartRS25;dxBarExtDBItemsRS25;dxDBXServerModeRS25;dxGDIPlusRS25;dxPSdxGaugeControlLnkRS25;dbxcds;adortl;uniGUI25VCL;dxRibbonRS25;dsnapxml;dbrtl;inetdbxpress;IndyProtocols;dxPSdxMapControlLnkRS25;uSynEdit_R2021;fmxase;$(DCC_UsePackage)</DCC_UsePackage>
    </PropertyGroup>
    <PropertyGroup Condition="'$(Cfg_1)'!=''">
        <DCC_Define>DEBUG;$(DCC_Define)</DCC_Define>
        <DCC_DebugDCUs>true</DCC_DebugDCUs>
        <DCC_Optimize>false</DCC_Optimize>
        <DCC_GenerateStackFrames>true</DCC_GenerateStackFrames>
        <DCC_DebugInfoInExe>true</DCC_DebugInfoInExe>
        <DCC_RemoteDebug>true</DCC_RemoteDebug>
    </PropertyGroup>
    <PropertyGroup Condition="'$(Cfg_1_Win32)'!=''">
        <DCC_RemoteDebug>false</DCC_RemoteDebug>
        <AppEnableRuntimeThemes>true</AppEnableRuntimeThemes>
        <VerInfo_IncludeVerInfo>true</VerInfo_IncludeVerInfo>
        <VerInfo_Locale>1033</VerInfo_Locale>
        <AppDPIAwarenessMode>PerMonitor</AppDPIAwarenessMode>
    </PropertyGroup>
    <PropertyGroup Condition="'$(Cfg_2)'!=''">
        <DCC_LocalDebugSymbols>false</DCC_LocalDebugSymbols>
        <DCC_Define>RELEASE;$(DCC_Define)</DCC_Define>
        <DCC_SymbolReferenceInfo>0</DCC_SymbolReferenceInfo>
        <DCC_DebugInformation>0</DCC_DebugInformation>
    </PropertyGroup>
    <PropertyGroup Condition="'$(Cfg_2_Win32)'!=''">
        <AppEnableRuntimeThemes>true</AppEnableRuntimeThemes>
        <AppDPIAwarenessMode>PerMonitor</AppDPIAwarenessMode>
    </PropertyGroup>
    <ItemGroup>
        <DelphiCompile Include="$(MainSource)">
            <MainSource>MainSource</MainSource>
        </DelphiCompile>
        <DCCReference Include="ServerModule.pas">
            <Form>UniServerModule</Form>
            <FormType>dfm</FormType>
            <DesignClass>TUniGUIServerModule</DesignClass>
        </DCCReference>
        <DCCReference Include="MainModule.pas">
            <Form>UniMainModule</Form>
            <FormType>dfm</FormType>
            <DesignClass>TUniGUIMainModule</DesignClass>
        </DCCReference>
        <DCCReference Include="Main.pas">
            <Form>MainForm</Form>
            <FormType>dfm</FormType>
            <DesignClass>TUniForm</DesignClass>
        </DCCReference>
        <DCCReference Include="DM.pas">
            <Form>FDM</Form>
            <FormType>dfm</FormType>
            <DesignClass>TDataModule</DesignClass>
        </DCCReference>
        <DCCReference Include="DmCons.pas">
            <Form>FDMCons</Form>
            <DesignClass>TDataModule</DesignClass>
        </DCCReference>
        <DCCReference Include="Catalogos\LineasConsulta.pas">
            <Form>FLineasConsulta</Form>
            <FormType>dfm</FormType>
            <DesignClass>TUniForm</DesignClass>
        </DCCReference>
        <DCCReference Include="Catalogos\LineasCatalogo.pas">
            <Form>FLineasCatalogo</Form>
            <FormType>dfm</FormType>
            <DesignClass>TUniForm</DesignClass>
        </DCCReference>
        <DCCReference Include="Catalogos\MarcasCatalogo.pas">
            <Form>FMarcasCatalogo</Form>
            <FormType>dfm</FormType>
            <DesignClass>TUniForm</DesignClass>
        </DCCReference>
        <DCCReference Include="Catalogos\MarcasConsulta.pas">
            <Form>FMarcasConsulta</Form>
            <FormType>dfm</FormType>
            <DesignClass>TUniForm</DesignClass>
        </DCCReference>
        <DCCReference Include="Puntos.pas"/>
        <DCCReference Include="PartidaCat.pas">
            <Form>FPartidaCat</Form>
            <FormType>dfm</FormType>
            <DesignClass>TUniForm</DesignClass>
        </DCCReference>
        <DCCReference Include="ListaPrecios.pas">
            <Form>FListaPrecios</Form>
            <FormType>dfm</FormType>
            <DesignClass>TUniForm</DesignClass>
        </DCCReference>
        <DCCReference Include="Traspasos\TraspasosConsulta.pas">
            <Form>FTraspasosConsulta</Form>
            <FormType>dfm</FormType>
            <DesignClass>TUniForm</DesignClass>
        </DCCReference>
        <DCCReference Include="Traspasos\TraspasosCatalogo.pas">
            <Form>FTraspasosCatalogo</Form>
            <FormType>dfm</FormType>
            <DesignClass>TUniForm</DesignClass>
        </DCCReference>
        <DCCReference Include="Entradas de Embarques y de Traspasos\EntradasConsulta.pas">
            <Form>FEntradasConsulta</Form>
            <FormType>dfm</FormType>
            <DesignClass>TUniForm</DesignClass>
        </DCCReference>
        <DCCReference Include="Entradas de Embarques y de Traspasos\EntradasCatalogo.pas">
            <Form>FEntradasCatalogo</Form>
            <FormType>dfm</FormType>
            <DesignClass>TUniForm</DesignClass>
        </DCCReference>
        <DCCReference Include="Resurtidos.pas">
            <Form>FResurtidos</Form>
            <FormType>dfm</FormType>
            <DesignClass>TUniForm</DesignClass>
        </DCCReference>
        <DCCReference Include="Clientes\CtesCons.pas">
            <Form>FCtesCons</Form>
            <FormType>dfm</FormType>
            <DesignClass>TUniForm</DesignClass>
        </DCCReference>
        <DCCReference Include="Clientes\CtesConsController.pas"/>
        <DCCReference Include="PedidosCtes\ReqCons.pas">
            <Form>FReqCons</Form>
            <FormType>dfm</FormType>
            <DesignClass>TUniForm</DesignClass>
        </DCCReference>
        <DCCReference Include="PedidosCtes\ReqConsController.pas"/>
        <DCCReference Include="PedidosCtes\ReqCat.pas">
            <Form>FReqCat</Form>
            <FormType>dfm</FormType>
            <DesignClass>TUniForm</DesignClass>
        </DCCReference>
        <DCCReference Include="PedidosCtes\ReqPartidaCatController.pas"/>
        <DCCReference Include="ModelosConsulta.pas">
            <Form>FModelosConsulta</Form>
            <FormType>dfm</FormType>
            <DesignClass>TUniForm</DesignClass>
        </DCCReference>
        <DCCReference Include="ModeloCatalogo.pas">
            <Form>FModeloCatalogo</Form>
            <FormType>dfm</FormType>
            <DesignClass>TUniForm</DesignClass>
        </DCCReference>
        <DCCReference Include="Catalogos\UnidadesCatalogo.pas">
            <Form>FUnidadesCatalogo</Form>
            <FormType>dfm</FormType>
            <DesignClass>TUniForm</DesignClass>
        </DCCReference>
        <DCCReference Include="Catalogos\UnidadesConsulta.pas">
            <Form>FUnidadesConsulta</Form>
            <FormType>dfm</FormType>
            <DesignClass>TUniForm</DesignClass>
        </DCCReference>
        <DCCReference Include="Catalogos\HormasConsulta.pas">
            <Form>FHormasConsulta</Form>
            <FormType>dfm</FormType>
            <DesignClass>TUniForm</DesignClass>
        </DCCReference>
        <DCCReference Include="Catalogos\HormasCatalogo.pas">
            <Form>FHormasCatalogo</Form>
            <FormType>dfm</FormType>
            <DesignClass>TUniForm</DesignClass>
        </DCCReference>
        <DCCReference Include="GruposCatalogo.pas">
            <Form>FGruposCatalogo</Form>
            <FormType>dfm</FormType>
            <DesignClass>TUniForm</DesignClass>
        </DCCReference>
        <DCCReference Include="ModeloCopia.pas">
            <Form>FModeloCopia</Form>
            <FormType>dfm</FormType>
            <DesignClass>TUniForm</DesignClass>
        </DCCReference>
        <DCCReference Include="EstiloCopia.pas">
            <Form>FEstiloCopia</Form>
            <FormType>dfm</FormType>
            <DesignClass>TUniForm</DesignClass>
        </DCCReference>
        <DCCReference Include="Catalogos\ClasiElementCatalogo.pas">
            <Form>FClasiElementCatalogo</Form>
            <FormType>dfm</FormType>
            <DesignClass>TUniForm</DesignClass>
        </DCCReference>
        <DCCReference Include="Catalogos\ClasiElementConsulta.pas">
            <Form>FClasiElementConsulta</Form>
            <FormType>dfm</FormType>
            <DesignClass>TUniForm</DesignClass>
        </DCCReference>
        <DCCReference Include="Catalogos\ClasifiCatalogo.pas">
            <Form>FClasifiCatalogo</Form>
            <FormType>dfm</FormType>
            <DesignClass>TUniForm</DesignClass>
        </DCCReference>
        <DCCReference Include="Catalogos\ClasifiConsulta.pas">
            <Form>FClasifiConsulta</Form>
            <FormType>dfm</FormType>
            <DesignClass>TUniForm</DesignClass>
        </DCCReference>
        <DCCReference Include="Catalogos\ColoresCatalogo.pas">
            <Form>FColoresCatalogo</Form>
            <FormType>dfm</FormType>
            <DesignClass>TUniForm</DesignClass>
        </DCCReference>
        <DCCReference Include="Catalogos\ColoresConsulta.pas">
            <Form>FColoresConsulta</Form>
            <FormType>dfm</FormType>
            <DesignClass>TUniForm</DesignClass>
        </DCCReference>
        <DCCReference Include="Catalogos\DeptoNomConsulta.pas">
            <Form>FDeptoNomConsulta</Form>
            <FormType>dfm</FormType>
            <DesignClass>TUniForm</DesignClass>
        </DCCReference>
        <DCCReference Include="Catalogos\DeptoNomCatalogo.pas">
            <Form>FDeptoNomCatalogo</Form>
            <FormType>dfm</FormType>
            <DesignClass>TUniForm</DesignClass>
        </DCCReference>
        <DCCReference Include="Catalogos\EmpProdConsulta.pas">
            <Form>FEmpProdConsulta</Form>
            <FormType>dfm</FormType>
            <DesignClass>TUniForm</DesignClass>
        </DCCReference>
        <DCCReference Include="Catalogos\EmpProdCatalogo.pas">
            <Form>FEmpProdCatalogo</Form>
            <FormType>dfm</FormType>
            <DesignClass>TUniForm</DesignClass>
        </DCCReference>
        <DCCReference Include="Catalogos\PuestosCatalogo.pas">
            <Form>FPuestosCatalogo</Form>
            <FormType>dfm</FormType>
            <DesignClass>TUniForm</DesignClass>
        </DCCReference>
        <DCCReference Include="Catalogos\PuestosConsulta.pas">
            <Form>FPuestosConsulta</Form>
            <FormType>dfm</FormType>
            <DesignClass>TUniForm</DesignClass>
        </DCCReference>
        <DCCReference Include="Catalogos\FamiliasCatalogo.pas">
            <Form>FFamiliasCatalogo</Form>
            <FormType>dfm</FormType>
            <DesignClass>TUniForm</DesignClass>
        </DCCReference>
        <DCCReference Include="Catalogos\FamiliasConsulta.pas">
            <Form>FFamiliasConsulta</Form>
            <FormType>dfm</FormType>
            <DesignClass>TUniForm</DesignClass>
        </DCCReference>
        <DCCReference Include="Catalogos\TiposCatalogo.pas">
            <Form>FTiposCatalogo</Form>
            <FormType>dfm</FormType>
            <DesignClass>TUniForm</DesignClass>
        </DCCReference>
        <DCCReference Include="Catalogos\DeptosCatalogo.pas">
            <Form>FDeptosCatalogo</Form>
            <FormType>dfm</FormType>
            <DesignClass>TUniForm</DesignClass>
        </DCCReference>
        <DCCReference Include="Catalogos\DeptosConsulta.pas">
            <Form>FDeptosConsulta</Form>
            <FormType>dfm</FormType>
            <DesignClass>TUniForm</DesignClass>
        </DCCReference>
        <DCCReference Include="Catalogos\ElementCatalogo.pas">
            <Form>FElementCatalogo</Form>
            <FormType>dfm</FormType>
            <DesignClass>TUniForm</DesignClass>
        </DCCReference>
        <DCCReference Include="Catalogos\ElementConsulta.pas">
            <Form>FElementConsulta</Form>
            <FormType>dfm</FormType>
            <DesignClass>TUniForm</DesignClass>
        </DCCReference>
        <DCCReference Include="Embarques\EmbarqueConsulta.pas">
            <Form>FEmbarqueConsulta</Form>
            <FormType>dfm</FormType>
            <DesignClass>TUniForm</DesignClass>
        </DCCReference>
        <DCCReference Include="Embarques\EmbarquesCatalogo.pas">
            <Form>FEmbarquesCatalogo</Form>
            <FormType>dfm</FormType>
            <DesignClass>TUniForm</DesignClass>
        </DCCReference>
        <DCCReference Include="Catalogos\EmpsCatalogo.pas">
            <Form>FEmpsCatalogo</Form>
            <FormType>dfm</FormType>
            <DesignClass>TUniForm</DesignClass>
        </DCCReference>
        <DCCReference Include="Catalogos\EmpsConsulta.pas">
            <Form>FEmpsConsulta</Form>
            <FormType>dfm</FormType>
            <DesignClass>TUniForm</DesignClass>
        </DCCReference>
        <DCCReference Include="Catalogos\ProvsCatalogo.pas">
            <Form>FProvsCatalogo</Form>
            <FormType>dfm</FormType>
            <DesignClass>TUniForm</DesignClass>
        </DCCReference>
        <DCCReference Include="Catalogos\ProvsConsulta.pas">
            <Form>FProvsConsulta</Form>
            <FormType>dfm</FormType>
            <DesignClass>TUniForm</DesignClass>
        </DCCReference>
        <DCCReference Include="PedidosProvs\PedidosCatalogo.pas">
            <Form>FPedidosCatalogo</Form>
            <FormType>dfm</FormType>
            <DesignClass>TUniForm</DesignClass>
        </DCCReference>
        <DCCReference Include="PedidosProvs\PedidosConsulta.pas">
            <Form>FPedidosConsulta</Form>
            <FormType>dfm</FormType>
            <DesignClass>TUniForm</DesignClass>
        </DCCReference>
        <DCCReference Include="PedidosProvs\PedPartidaCatController.pas"/>
        <DCCReference Include="Catalogos\CorridasCatalogo.pas">
            <Form>FCorridasCatalogo</Form>
            <FormType>dfm</FormType>
            <DesignClass>TUniForm</DesignClass>
        </DCCReference>
        <DCCReference Include="Catalogos\CorridasConsulta.pas">
            <Form>FCorridasConsulta</Form>
            <FormType>dfm</FormType>
            <DesignClass>TUniForm</DesignClass>
        </DCCReference>
        <DCCReference Include="Catalogos\CtesCatalogo.pas">
            <Form>FCtesCatalogo</Form>
            <FormType>dfm</FormType>
            <DesignClass>TUniForm</DesignClass>
        </DCCReference>
        <DCCReference Include="Catalogos\TiendaCatalogo.pas">
            <Form>FTiendaCatalogo</Form>
            <FormType>dfm</FormType>
            <DesignClass>TUniForm</DesignClass>
        </DCCReference>
        <DCCReference Include="Catalogos\TiendaConsulta.pas">
            <Form>FTiendaConsulta</Form>
            <FormType>dfm</FormType>
            <DesignClass>TUniForm</DesignClass>
        </DCCReference>
        <DCCReference Include="Catalogos\ColoresInsumos.pas">
            <Form>FColoresInsumos</Form>
            <FormType>dfm</FormType>
            <DesignClass>TUniForm</DesignClass>
        </DCCReference>
        <DCCReference Include="Programacion\ProgSimple.pas">
            <Form>FProgSimple</Form>
            <FormType>dfm</FormType>
            <DesignClass>TUniForm</DesignClass>
        </DCCReference>
        <DCCReference Include="Programacion\uProgSimpleController.pas"/>
        <DCCReference Include="Catalogos\PlantasConsulta.pas">
            <Form>FPlantasConsulta</Form>
            <FormType>dfm</FormType>
            <DesignClass>TUniForm</DesignClass>
        </DCCReference>
        <DCCReference Include="Catalogos\PlantasCatalogo.pas">
            <Form>FPlantasCatalogo</Form>
            <FormType>dfm</FormType>
            <DesignClass>TUniForm</DesignClass>
        </DCCReference>
        <DCCReference Include="ExplosionConsulta.pas">
            <Form>FExplosionConsulta</Form>
            <FormType>dfm</FormType>
            <DesignClass>TUniForm</DesignClass>
        </DCCReference>
        <DCCReference Include="Embarques\EmbPartidaCatController.pas"/>
        <DCCReference Include="Traspasos\TraspasoPartidaCatController.pas"/>
        <DCCReference Include="Entradas de Embarques y de Traspasos\EntradasPartidaCatController.pas"/>
        <DCCReference Include="Catalogos\CajasCatalogo.pas">
            <Form>FCajasCatalogo</Form>
            <FormType>dfm</FormType>
            <DesignClass>TUniForm</DesignClass>
        </DCCReference>
        <DCCReference Include="Catalogos\CajasConsulta.pas">
            <Form>FCajasConsulta</Form>
            <FormType>dfm</FormType>
            <DesignClass>TUniForm</DesignClass>
        </DCCReference>
        <DCCReference Include="CatalogosProduccion\EstilosConsulta.pas"/>
        <DCCReference Include="CatalogosProduccion\FracEstCatalogo.pas">
            <Form>FFracEstCatalogo</Form>
            <FormType>dfm</FormType>
            <DesignClass>TUniForm</DesignClass>
        </DCCReference>
        <DCCReference Include="CatalogosProduccion\FracEstDetCatalogo.pas">
            <Form>FFracEstDetCatalogo</Form>
            <FormType>dfm</FormType>
            <DesignClass>TUniForm</DesignClass>
        </DCCReference>
        <DCCReference Include="CatalogosProduccion\EstConsumosCatalogo.pas">
            <Form>FEstConsumosCatalogo</Form>
            <FormType>dfm</FormType>
            <DesignClass>TUniForm</DesignClass>
        </DCCReference>
        <DCCReference Include="CatalogosProduccion\EstConsumosDetCatalogo.pas">
            <Form>FEstConsumosDetCatalogo</Form>
            <FormType>dfm</FormType>
            <DesignClass>TUniForm</DesignClass>
        </DCCReference>
        <DCCReference Include="CatalogosProduccion\EstilosCatalogo.pas">
            <Form>FEstilosCatalogo</Form>
            <FormType>dfm</FormType>
            <DesignClass>TUniForm</DesignClass>
        </DCCReference>
        <DCCReference Include="CatalogosProduccion\EstConsuDetCatalogo.pas">
            <Form>FEstConsuDetCatalogo</Form>
            <FormType>dfm</FormType>
            <DesignClass>TUniForm</DesignClass>
        </DCCReference>
        <DCCReference Include="Inventarios\InventarioConsulta.pas">
            <Form>FInventarioConsulta</Form>
            <FormType>dfm</FormType>
            <DesignClass>TUniForm</DesignClass>
        </DCCReference>
        <DCCReference Include="Tesoreria\Cxc_ConcepConsulta.pas">
            <Form>FCxc_ConcepConsulta</Form>
            <FormType>dfm</FormType>
            <DesignClass>TUniForm</DesignClass>
        </DCCReference>
        <DCCReference Include="Tesoreria\Cxc_ConcepCatalogo.pas">
            <Form>FCxc_ConcepCatalogo</Form>
            <FormType>dfm</FormType>
            <DesignClass>TUniForm</DesignClass>
        </DCCReference>
        <DCCReference Include="Tesoreria\CxcCatalogo.pas">
            <Form>FCxcCatalogo</Form>
            <FormType>dfm</FormType>
            <DesignClass>TUniForm</DesignClass>
        </DCCReference>
        <DCCReference Include="Tesoreria\CxcDetCatalogo.pas">
            <Form>FCxcDetCatalogo</Form>
            <FormType>dfm</FormType>
            <DesignClass>TUniForm</DesignClass>
        </DCCReference>
        <DCCReference Include="Tesoreria\Cxc_DocsConsulta.pas">
            <Form>FCxc_DocsConsulta</Form>
            <FormType>dfm</FormType>
            <DesignClass>TUniForm</DesignClass>
        </DCCReference>
        <DCCReference Include="Inventarios\InventarioConsulta2.pas">
            <Form>FInventarioConsulta2</Form>
            <FormType>dfm</FormType>
            <DesignClass>TUniForm</DesignClass>
        </DCCReference>
        <DCCReference Include="Inventarios\InventarioTdasGralDlg.pas">
            <Form>FInventarioTdasGralDlg</Form>
            <FormType>dfm</FormType>
            <DesignClass>TUniForm</DesignClass>
        </DCCReference>
        <DCCReference Include="Inventarios\InventarioFisicoCatalogo.pas">
            <Form>FInventarioFisicoCatalogo</Form>
            <FormType>dfm</FormType>
            <DesignClass>TUniForm</DesignClass>
        </DCCReference>
        <DCCReference Include="CatalogosProduccion\FracModCatalogo.pas">
            <Form>FFracModCatalogo</Form>
            <FormType>dfm</FormType>
            <DesignClass>TUniForm</DesignClass>
        </DCCReference>
        <DCCReference Include="CatalogosProduccion\FracModDetCatalogo.pas">
            <Form>FFracModDetCatalogo</Form>
            <FormType>dfm</FormType>
            <DesignClass>TUniForm</DesignClass>
        </DCCReference>
        <DCCReference Include="CatalogosProduccion\ConsumosCatalogo.pas">
            <Form>FConsumosCatalogo</Form>
            <FormType>dfm</FormType>
            <DesignClass>TUniForm</DesignClass>
        </DCCReference>
        <DCCReference Include="CatalogosProduccion\ConsumosDetCatalogo.pas">
            <Form>FConsumosDetCatalogo</Form>
            <FormType>dfm</FormType>
            <DesignClass>TUniForm</DesignClass>
        </DCCReference>
        <DCCReference Include="CatalogosProduccion\FlujoDetCatalogo.pas">
            <Form>FFlujoDetCatalogo</Form>
            <FormType>dfm</FormType>
            <DesignClass>TUniForm</DesignClass>
        </DCCReference>
        <DCCReference Include="CatalogosProduccion\FlujosCatalogo.pas">
            <Form>FFlujosCatalogo</Form>
            <FormType>dfm</FormType>
            <DesignClass>TUniForm</DesignClass>
        </DCCReference>
        <DCCReference Include="CatalogosProduccion\FlujosConsulta.pas">
            <Form>FFlujosConsulta</Form>
            <FormType>dfm</FormType>
            <DesignClass>TUniForm</DesignClass>
        </DCCReference>
        <DCCReference Include="Inventarios\InsumosCatalogo.pas">
            <Form>FInsumosCatalogo</Form>
            <FormType>dfm</FormType>
            <DesignClass>TUniForm</DesignClass>
        </DCCReference>
        <DCCReference Include="Inventarios\InsumosConsulta.pas">
            <Form>FInsumosConsulta</Form>
            <FormType>dfm</FormType>
            <DesignClass>TUniForm</DesignClass>
        </DCCReference>
        <DCCReference Include="CatalogosProduccion\FraccConsulta.pas">
            <Form>FFraccConsulta</Form>
            <FormType>dfm</FormType>
            <DesignClass>TUniForm</DesignClass>
        </DCCReference>
        <DCCReference Include="CatalogosProduccion\FraccCatalogo.pas">
            <Form>FFraccCatalogo</Form>
            <FormType>dfm</FormType>
            <DesignClass>TUniForm</DesignClass>
        </DCCReference>
        <DCCReference Include="Catalogos\UsrCatalogo.pas">
            <Form>FUsrCatalogo</Form>
            <FormType>dfm</FormType>
            <DesignClass>TUniForm</DesignClass>
        </DCCReference>
        <DCCReference Include="Catalogos\UsrConsulta.pas">
            <Form>FUsrConsulta</Form>
            <FormType>dfm</FormType>
            <DesignClass>TUniForm</DesignClass>
        </DCCReference>
        <DCCReference Include="DlgModelos.pas">
            <Form>FDlgModelos</Form>
            <FormType>dfm</FormType>
            <DesignClass>TUniForm</DesignClass>
        </DCCReference>
        <None Include="CAZ.todo"/>
        <BuildConfiguration Include="Release">
            <Key>Cfg_2</Key>
            <CfgParent>Base</CfgParent>
        </BuildConfiguration>
        <BuildConfiguration Include="Base">
            <Key>Base</Key>
        </BuildConfiguration>
        <BuildConfiguration Include="Debug">
            <Key>Cfg_1</Key>
            <CfgParent>Base</CfgParent>
        </BuildConfiguration>
    </ItemGroup>
    <ProjectExtensions>
        <Borland.Personality>Delphi.Personality.12</Borland.Personality>
        <Borland.ProjectType>Application</Borland.ProjectType>
        <BorlandProject>
            <Delphi.Personality>
                <Source>
                    <Source Name="MainSource">CAZ.dpr</Source>
                </Source>
                <Excluded_Packages>
                    <Excluded_Packages Name="C:\Users\Public\Documents\Embarcadero\Studio\19.0\Bpl\dclIntraweb_15_D10_2.bpl">File C:\Users\Public\Documents\Embarcadero\Studio\19.0\Bpl\dclIntraweb_15_D10_2.bpl not found</Excluded_Packages>
                    <Excluded_Packages Name="C:\Users\Public\Documents\Embarcadero\Studio\19.0\Bpl\dclIWBootstrap4D102.bpl">File C:\Users\Public\Documents\Embarcadero\Studio\19.0\Bpl\dclIWBootstrap4D102.bpl not found</Excluded_Packages>
                    <Excluded_Packages Name="C:\Users\Public\Documents\Embarcadero\Studio\19.0\Bpl\dclIWBootstrapD102.bpl">File C:\Users\Public\Documents\Embarcadero\Studio\19.0\Bpl\dclIWBootstrapD102.bpl not found</Excluded_Packages>
                    <Excluded_Packages Name="$(BDSBIN)\dcloffice2k250.bpl">Microsoft Office 2000 Sample Automation Server Wrapper Components</Excluded_Packages>
                    <Excluded_Packages Name="$(BDSBIN)\dclofficexp250.bpl">Microsoft Office XP Sample Automation Server Wrapper Components</Excluded_Packages>
                </Excluded_Packages>
            </Delphi.Personality>
            <Deployment Version="3">
                <DeployFile LocalName="CAZ.todo" Configuration="Debug" Class="ProjectFile">
                    <Platform Name="Win32">
                        <RemoteDir>.\</RemoteDir>
                        <Overwrite>true</Overwrite>
                    </Platform>
                </DeployFile>
                <DeployFile LocalName="CAZ.todo" Configuration="Release" Class="ProjectFile">
                    <Platform Name="Win32">
                        <RemoteDir>.\</RemoteDir>
                        <Overwrite>true</Overwrite>
                    </Platform>
                </DeployFile>
                <DeployFile LocalName="CAZ.exe" Configuration="Debug" Class="ProjectOutput">
                    <Platform Name="Win32">
                        <RemoteName>CAZ.exe</RemoteName>
                        <Overwrite>true</Overwrite>
                    </Platform>
                </DeployFile>
                <DeployFile LocalName="CAZ.exe" Configuration="Release" Class="ProjectOutput">
                    <Platform Name="Win32">
                        <RemoteName>CAZ.exe</RemoteName>
                        <Overwrite>true</Overwrite>
                    </Platform>
                </DeployFile>
                <DeployClass Name="AdditionalDebugSymbols">
                    <Platform Name="iOSSimulator">
                        <Operation>1</Operation>
                    </Platform>
                    <Platform Name="OSX32">
                        <RemoteDir>Contents\MacOS</RemoteDir>
                        <Operation>1</Operation>
                    </Platform>
                    <Platform Name="Win32">
                        <Operation>0</Operation>
                    </Platform>
                </DeployClass>
                <DeployClass Name="AndroidClassesDexFile">
                    <Platform Name="Android">
                        <RemoteDir>classes</RemoteDir>
                        <Operation>1</Operation>
                    </Platform>
                    <Platform Name="Android64">
                        <RemoteDir>classes</RemoteDir>
                        <Operation>1</Operation>
                    </Platform>
                </DeployClass>
                <DeployClass Name="AndroidFileProvider">
                    <Platform Name="Android">
                        <RemoteDir>res\xml</RemoteDir>
                        <Operation>1</Operation>
                    </Platform>
                    <Platform Name="Android64">
                        <RemoteDir>res\xml</RemoteDir>
                        <Operation>1</Operation>
                    </Platform>
                </DeployClass>
                <DeployClass Name="AndroidGDBServer">
                    <Platform Name="Android">
                        <RemoteDir>library\lib\armeabi-v7a</RemoteDir>
                        <Operation>1</Operation>
                    </Platform>
                </DeployClass>
                <DeployClass Name="AndroidLibnativeArmeabiFile">
                    <Platform Name="Android">
                        <RemoteDir>library\lib\armeabi</RemoteDir>
                        <Operation>1</Operation>
                    </Platform>
                    <Platform Name="Android64">
                        <RemoteDir>library\lib\armeabi</RemoteDir>
                        <Operation>1</Operation>
                    </Platform>
                </DeployClass>
                <DeployClass Name="AndroidLibnativeArmeabiv7aFile">
                    <Platform Name="Android64">
                        <RemoteDir>library\lib\armeabi-v7a</RemoteDir>
                        <Operation>1</Operation>
                    </Platform>
                </DeployClass>
                <DeployClass Name="AndroidLibnativeMipsFile">
                    <Platform Name="Android">
                        <RemoteDir>library\lib\mips</RemoteDir>
                        <Operation>1</Operation>
                    </Platform>
                    <Platform Name="Android64">
                        <RemoteDir>library\lib\mips</RemoteDir>
                        <Operation>1</Operation>
                    </Platform>
                </DeployClass>
                <DeployClass Name="AndroidServiceOutput">
                    <Platform Name="Android">
                        <RemoteDir>library\lib\armeabi-v7a</RemoteDir>
                        <Operation>1</Operation>
                    </Platform>
                    <Platform Name="Android64">
                        <RemoteDir>library\lib\arm64-v8a</RemoteDir>
                        <Operation>1</Operation>
                    </Platform>
                </DeployClass>
                <DeployClass Name="AndroidServiceOutput_Android32">
                    <Platform Name="Android64">
                        <RemoteDir>library\lib\armeabi-v7a</RemoteDir>
                        <Operation>1</Operation>
                    </Platform>
                </DeployClass>
                <DeployClass Name="AndroidSplashImageDef">
                    <Platform Name="Android">
                        <RemoteDir>res\drawable</RemoteDir>
                        <Operation>1</Operation>
                    </Platform>
                    <Platform Name="Android64">
                        <RemoteDir>res\drawable</RemoteDir>
                        <Operation>1</Operation>
                    </Platform>
                </DeployClass>
                <DeployClass Name="AndroidSplashStyles">
                    <Platform Name="Android">
                        <RemoteDir>res\values</RemoteDir>
                        <Operation>1</Operation>
                    </Platform>
                    <Platform Name="Android64">
                        <RemoteDir>res\values</RemoteDir>
                        <Operation>1</Operation>
                    </Platform>
                </DeployClass>
                <DeployClass Name="AndroidSplashStylesV21">
                    <Platform Name="Android">
                        <RemoteDir>res\values-v21</RemoteDir>
                        <Operation>1</Operation>
                    </Platform>
                    <Platform Name="Android64">
                        <RemoteDir>res\values-v21</RemoteDir>
                        <Operation>1</Operation>
                    </Platform>
                </DeployClass>
                <DeployClass Name="Android_Colors">
                    <Platform Name="Android">
                        <RemoteDir>res\values</RemoteDir>
                        <Operation>1</Operation>
                    </Platform>
                    <Platform Name="Android64">
                        <RemoteDir>res\values</RemoteDir>
                        <Operation>1</Operation>
                    </Platform>
                </DeployClass>
                <DeployClass Name="Android_DefaultAppIcon">
                    <Platform Name="Android">
                        <RemoteDir>res\drawable</RemoteDir>
                        <Operation>1</Operation>
                    </Platform>
                    <Platform Name="Android64">
                        <RemoteDir>res\drawable</RemoteDir>
                        <Operation>1</Operation>
                    </Platform>
                </DeployClass>
                <DeployClass Name="Android_LauncherIcon144">
                    <Platform Name="Android">
                        <RemoteDir>res\drawable-xxhdpi</RemoteDir>
                        <Operation>1</Operation>
                    </Platform>
                    <Platform Name="Android64">
                        <RemoteDir>res\drawable-xxhdpi</RemoteDir>
                        <Operation>1</Operation>
                    </Platform>
                </DeployClass>
                <DeployClass Name="Android_LauncherIcon192">
                    <Platform Name="Android">
                        <RemoteDir>res\drawable-xxxhdpi</RemoteDir>
                        <Operation>1</Operation>
                    </Platform>
                    <Platform Name="Android64">
                        <RemoteDir>res\drawable-xxxhdpi</RemoteDir>
                        <Operation>1</Operation>
                    </Platform>
                </DeployClass>
                <DeployClass Name="Android_LauncherIcon36">
                    <Platform Name="Android">
                        <RemoteDir>res\drawable-ldpi</RemoteDir>
                        <Operation>1</Operation>
                    </Platform>
                    <Platform Name="Android64">
                        <RemoteDir>res\drawable-ldpi</RemoteDir>
                        <Operation>1</Operation>
                    </Platform>
                </DeployClass>
                <DeployClass Name="Android_LauncherIcon48">
                    <Platform Name="Android">
                        <RemoteDir>res\drawable-mdpi</RemoteDir>
                        <Operation>1</Operation>
                    </Platform>
                    <Platform Name="Android64">
                        <RemoteDir>res\drawable-mdpi</RemoteDir>
                        <Operation>1</Operation>
                    </Platform>
                </DeployClass>
                <DeployClass Name="Android_LauncherIcon72">
                    <Platform Name="Android">
                        <RemoteDir>res\drawable-hdpi</RemoteDir>
                        <Operation>1</Operation>
                    </Platform>
                    <Platform Name="Android64">
                        <RemoteDir>res\drawable-hdpi</RemoteDir>
                        <Operation>1</Operation>
                    </Platform>
                </DeployClass>
                <DeployClass Name="Android_LauncherIcon96">
                    <Platform Name="Android">
                        <RemoteDir>res\drawable-xhdpi</RemoteDir>
                        <Operation>1</Operation>
                    </Platform>
                    <Platform Name="Android64">
                        <RemoteDir>res\drawable-xhdpi</RemoteDir>
                        <Operation>1</Operation>
                    </Platform>
                </DeployClass>
                <DeployClass Name="Android_NotificationIcon24">
                    <Platform Name="Android">
                        <RemoteDir>res\drawable-mdpi</RemoteDir>
                        <Operation>1</Operation>
                    </Platform>
                    <Platform Name="Android64">
                        <RemoteDir>res\drawable-mdpi</RemoteDir>
                        <Operation>1</Operation>
                    </Platform>
                </DeployClass>
                <DeployClass Name="Android_NotificationIcon36">
                    <Platform Name="Android">
                        <RemoteDir>res\drawable-hdpi</RemoteDir>
                        <Operation>1</Operation>
                    </Platform>
                    <Platform Name="Android64">
                        <RemoteDir>res\drawable-hdpi</RemoteDir>
                        <Operation>1</Operation>
                    </Platform>
                </DeployClass>
                <DeployClass Name="Android_NotificationIcon48">
                    <Platform Name="Android">
                        <RemoteDir>res\drawable-xhdpi</RemoteDir>
                        <Operation>1</Operation>
                    </Platform>
                    <Platform Name="Android64">
                        <RemoteDir>res\drawable-xhdpi</RemoteDir>
                        <Operation>1</Operation>
                    </Platform>
                </DeployClass>
                <DeployClass Name="Android_NotificationIcon72">
                    <Platform Name="Android">
                        <RemoteDir>res\drawable-xxhdpi</RemoteDir>
                        <Operation>1</Operation>
                    </Platform>
                    <Platform Name="Android64">
                        <RemoteDir>res\drawable-xxhdpi</RemoteDir>
                        <Operation>1</Operation>
                    </Platform>
                </DeployClass>
                <DeployClass Name="Android_NotificationIcon96">
                    <Platform Name="Android">
                        <RemoteDir>res\drawable-xxxhdpi</RemoteDir>
                        <Operation>1</Operation>
                    </Platform>
                    <Platform Name="Android64">
                        <RemoteDir>res\drawable-xxxhdpi</RemoteDir>
                        <Operation>1</Operation>
                    </Platform>
                </DeployClass>
                <DeployClass Name="Android_SplashImage426">
                    <Platform Name="Android">
                        <RemoteDir>res\drawable-small</RemoteDir>
                        <Operation>1</Operation>
                    </Platform>
                    <Platform Name="Android64">
                        <RemoteDir>res\drawable-small</RemoteDir>
                        <Operation>1</Operation>
                    </Platform>
                </DeployClass>
                <DeployClass Name="Android_SplashImage470">
                    <Platform Name="Android">
                        <RemoteDir>res\drawable-normal</RemoteDir>
                        <Operation>1</Operation>
                    </Platform>
                    <Platform Name="Android64">
                        <RemoteDir>res\drawable-normal</RemoteDir>
                        <Operation>1</Operation>
                    </Platform>
                </DeployClass>
                <DeployClass Name="Android_SplashImage640">
                    <Platform Name="Android">
                        <RemoteDir>res\drawable-large</RemoteDir>
                        <Operation>1</Operation>
                    </Platform>
                    <Platform Name="Android64">
                        <RemoteDir>res\drawable-large</RemoteDir>
                        <Operation>1</Operation>
                    </Platform>
                </DeployClass>
                <DeployClass Name="Android_SplashImage960">
                    <Platform Name="Android">
                        <RemoteDir>res\drawable-xlarge</RemoteDir>
                        <Operation>1</Operation>
                    </Platform>
                    <Platform Name="Android64">
                        <RemoteDir>res\drawable-xlarge</RemoteDir>
                        <Operation>1</Operation>
                    </Platform>
                </DeployClass>
                <DeployClass Name="Android_Strings">
                    <Platform Name="Android">
                        <RemoteDir>res\values</RemoteDir>
                        <Operation>1</Operation>
                    </Platform>
                    <Platform Name="Android64">
                        <RemoteDir>res\values</RemoteDir>
                        <Operation>1</Operation>
                    </Platform>
                </DeployClass>
                <DeployClass Name="DebugSymbols">
                    <Platform Name="iOSSimulator">
                        <Operation>1</Operation>
                    </Platform>
                    <Platform Name="OSX32">
                        <RemoteDir>Contents\MacOS</RemoteDir>
                        <Operation>1</Operation>
                    </Platform>
                    <Platform Name="Win32">
                        <Operation>0</Operation>
                    </Platform>
                </DeployClass>
                <DeployClass Name="DependencyFramework">
                    <Platform Name="OSX32">
                        <RemoteDir>Contents\MacOS</RemoteDir>
                        <Operation>1</Operation>
                        <Extensions>.framework</Extensions>
                    </Platform>
                    <Platform Name="OSX64">
                        <RemoteDir>Contents\MacOS</RemoteDir>
                        <Operation>1</Operation>
                        <Extensions>.framework</Extensions>
                    </Platform>
                    <Platform Name="Win32">
                        <Operation>0</Operation>
                    </Platform>
                </DeployClass>
                <DeployClass Name="DependencyModule">
                    <Platform Name="iOSDevice32">
                        <Operation>1</Operation>
                        <Extensions>.dylib</Extensions>
                    </Platform>
                    <Platform Name="iOSDevice64">
                        <Operation>1</Operation>
                        <Extensions>.dylib</Extensions>
                    </Platform>
                    <Platform Name="iOSSimulator">
                        <Operation>1</Operation>
                        <Extensions>.dylib</Extensions>
                    </Platform>
                    <Platform Name="OSX32">
                        <RemoteDir>Contents\MacOS</RemoteDir>
                        <Operation>1</Operation>
                        <Extensions>.dylib</Extensions>
                    </Platform>
                    <Platform Name="OSX64">
                        <RemoteDir>Contents\MacOS</RemoteDir>
                        <Operation>1</Operation>
                        <Extensions>.dylib</Extensions>
                    </Platform>
                    <Platform Name="Win32">
                        <Operation>0</Operation>
                        <Extensions>.dll;.bpl</Extensions>
                    </Platform>
                </DeployClass>
                <DeployClass Required="true" Name="DependencyPackage">
                    <Platform Name="iOSDevice32">
                        <Operation>1</Operation>
                        <Extensions>.dylib</Extensions>
                    </Platform>
                    <Platform Name="iOSDevice64">
                        <Operation>1</Operation>
                        <Extensions>.dylib</Extensions>
                    </Platform>
                    <Platform Name="iOSSimulator">
                        <Operation>1</Operation>
                        <Extensions>.dylib</Extensions>
                    </Platform>
                    <Platform Name="OSX32">
                        <RemoteDir>Contents\MacOS</RemoteDir>
                        <Operation>1</Operation>
                        <Extensions>.dylib</Extensions>
                    </Platform>
                    <Platform Name="OSX64">
                        <RemoteDir>Contents\MacOS</RemoteDir>
                        <Operation>1</Operation>
                        <Extensions>.dylib</Extensions>
                    </Platform>
                    <Platform Name="Win32">
                        <Operation>0</Operation>
                        <Extensions>.bpl</Extensions>
                    </Platform>
                </DeployClass>
                <DeployClass Name="File">
                    <Platform Name="Android">
                        <Operation>0</Operation>
                    </Platform>
                    <Platform Name="Android64">
                        <Operation>0</Operation>
                    </Platform>
                    <Platform Name="iOSDevice32">
                        <Operation>0</Operation>
                    </Platform>
                    <Platform Name="iOSDevice64">
                        <Operation>0</Operation>
                    </Platform>
                    <Platform Name="iOSSimulator">
                        <Operation>0</Operation>
                    </Platform>
                    <Platform Name="OSX32">
                        <RemoteDir>Contents\Resources\StartUp\</RemoteDir>
                        <Operation>0</Operation>
                    </Platform>
                    <Platform Name="OSX64">
                        <RemoteDir>Contents\Resources\StartUp\</RemoteDir>
                        <Operation>0</Operation>
                    </Platform>
                    <Platform Name="Win32">
                        <Operation>0</Operation>
                    </Platform>
                </DeployClass>
                <DeployClass Name="iOS_AppStore1024">
                    <Platform Name="iOSDevice64">
                        <RemoteDir>..\$(PROJECTNAME).launchscreen\Assets\AppIcon.appiconset</RemoteDir>
                        <Operation>1</Operation>
                    </Platform>
                </DeployClass>
                <DeployClass Name="iPad_AppIcon152">
                    <Platform Name="iOSDevice64">
                        <RemoteDir>..\$(PROJECTNAME).launchscreen\Assets\AppIcon.appiconset</RemoteDir>
                        <Operation>1</Operation>
                    </Platform>
                    <Platform Name="iOSSimulator">
                        <RemoteDir>..\$(PROJECTNAME).launchscreen\Assets\AppIcon.appiconset</RemoteDir>
                        <Operation>1</Operation>
                    </Platform>
                </DeployClass>
                <DeployClass Name="iPad_AppIcon167">
                    <Platform Name="iOSDevice64">
                        <RemoteDir>..\$(PROJECTNAME).launchscreen\Assets\AppIcon.appiconset</RemoteDir>
                        <Operation>1</Operation>
                    </Platform>
                    <Platform Name="iOSSimulator">
                        <RemoteDir>..\$(PROJECTNAME).launchscreen\Assets\AppIcon.appiconset</RemoteDir>
                        <Operation>1</Operation>
                    </Platform>
                </DeployClass>
                <DeployClass Name="iPad_Launch1024">
                    <Platform Name="iOSDevice32">
                        <Operation>1</Operation>
                    </Platform>
                    <Platform Name="iOSDevice64">
                        <Operation>1</Operation>
                    </Platform>
                    <Platform Name="iOSSimulator">
                        <Operation>1</Operation>
                    </Platform>
                </DeployClass>
                <DeployClass Name="iPad_Launch1536">
                    <Platform Name="iOSDevice32">
                        <Operation>1</Operation>
                    </Platform>
                    <Platform Name="iOSDevice64">
                        <Operation>1</Operation>
                    </Platform>
                    <Platform Name="iOSSimulator">
                        <Operation>1</Operation>
                    </Platform>
                </DeployClass>
                <DeployClass Name="iPad_Launch2048">
                    <Platform Name="iOSDevice32">
                        <Operation>1</Operation>
                    </Platform>
                    <Platform Name="iOSDevice64">
                        <Operation>1</Operation>
                    </Platform>
                    <Platform Name="iOSSimulator">
                        <Operation>1</Operation>
                    </Platform>
                </DeployClass>
                <DeployClass Name="iPad_Launch2x">
                    <Platform Name="iOSDevice64">
                        <RemoteDir>..\$(PROJECTNAME).launchscreen\Assets\LaunchScreenImage.imageset</RemoteDir>
                        <Operation>1</Operation>
                    </Platform>
                    <Platform Name="iOSSimulator">
                        <RemoteDir>..\$(PROJECTNAME).launchscreen\Assets\LaunchScreenImage.imageset</RemoteDir>
                        <Operation>1</Operation>
                    </Platform>
                </DeployClass>
                <DeployClass Name="iPad_Launch768">
                    <Platform Name="iOSDevice32">
                        <Operation>1</Operation>
                    </Platform>
                    <Platform Name="iOSDevice64">
                        <Operation>1</Operation>
                    </Platform>
                    <Platform Name="iOSSimulator">
                        <Operation>1</Operation>
                    </Platform>
                </DeployClass>
                <DeployClass Name="iPad_LaunchDark2x">
                    <Platform Name="iOSDevice64">
                        <RemoteDir>..\$(PROJECTNAME).launchscreen\Assets\LaunchScreenImage.imageset</RemoteDir>
                        <Operation>1</Operation>
                    </Platform>
                    <Platform Name="iOSSimulator">
                        <RemoteDir>..\$(PROJECTNAME).launchscreen\Assets\LaunchScreenImage.imageset</RemoteDir>
                        <Operation>1</Operation>
                    </Platform>
                </DeployClass>
                <DeployClass Name="iPad_Notification40">
                    <Platform Name="iOSDevice64">
                        <RemoteDir>..\$(PROJECTNAME).launchscreen\Assets\AppIcon.appiconset</RemoteDir>
                        <Operation>1</Operation>
                    </Platform>
                    <Platform Name="iOSSimulator">
                        <RemoteDir>..\$(PROJECTNAME).launchscreen\Assets\AppIcon.appiconset</RemoteDir>
                        <Operation>1</Operation>
                    </Platform>
                </DeployClass>
                <DeployClass Name="iPad_Setting58">
                    <Platform Name="iOSDevice64">
                        <RemoteDir>..\$(PROJECTNAME).launchscreen\Assets\AppIcon.appiconset</RemoteDir>
                        <Operation>1</Operation>
                    </Platform>
                    <Platform Name="iOSSimulator">
                        <RemoteDir>..\$(PROJECTNAME).launchscreen\Assets\AppIcon.appiconset</RemoteDir>
                        <Operation>1</Operation>
                    </Platform>
                </DeployClass>
                <DeployClass Name="iPad_SpotLight80">
                    <Platform Name="iOSDevice64">
                        <RemoteDir>..\$(PROJECTNAME).launchscreen\Assets\AppIcon.appiconset</RemoteDir>
                        <Operation>1</Operation>
                    </Platform>
                    <Platform Name="iOSSimulator">
                        <RemoteDir>..\$(PROJECTNAME).launchscreen\Assets\AppIcon.appiconset</RemoteDir>
                        <Operation>1</Operation>
                    </Platform>
                </DeployClass>
                <DeployClass Name="iPhone_AppIcon120">
                    <Platform Name="iOSDevice64">
                        <RemoteDir>..\$(PROJECTNAME).launchscreen\Assets\AppIcon.appiconset</RemoteDir>
                        <Operation>1</Operation>
                    </Platform>
                    <Platform Name="iOSSimulator">
                        <RemoteDir>..\$(PROJECTNAME).launchscreen\Assets\AppIcon.appiconset</RemoteDir>
                        <Operation>1</Operation>
                    </Platform>
                </DeployClass>
                <DeployClass Name="iPhone_AppIcon180">
                    <Platform Name="iOSDevice64">
                        <RemoteDir>..\$(PROJECTNAME).launchscreen\Assets\AppIcon.appiconset</RemoteDir>
                        <Operation>1</Operation>
                    </Platform>
                    <Platform Name="iOSSimulator">
                        <RemoteDir>..\$(PROJECTNAME).launchscreen\Assets\AppIcon.appiconset</RemoteDir>
                        <Operation>1</Operation>
                    </Platform>
                </DeployClass>
                <DeployClass Name="iPhone_Launch2x">
                    <Platform Name="iOSDevice64">
                        <RemoteDir>..\$(PROJECTNAME).launchscreen\Assets\LaunchScreenImage.imageset</RemoteDir>
                        <Operation>1</Operation>
                    </Platform>
                    <Platform Name="iOSSimulator">
                        <RemoteDir>..\$(PROJECTNAME).launchscreen\Assets\LaunchScreenImage.imageset</RemoteDir>
                        <Operation>1</Operation>
                    </Platform>
                </DeployClass>
                <DeployClass Name="iPhone_Launch320">
                    <Platform Name="iOSDevice32">
                        <Operation>1</Operation>
                    </Platform>
                    <Platform Name="iOSDevice64">
                        <Operation>1</Operation>
                    </Platform>
                    <Platform Name="iOSSimulator">
                        <Operation>1</Operation>
                    </Platform>
                </DeployClass>
                <DeployClass Name="iPhone_Launch3x">
                    <Platform Name="iOSDevice64">
                        <RemoteDir>..\$(PROJECTNAME).launchscreen\Assets\LaunchScreenImage.imageset</RemoteDir>
                        <Operation>1</Operation>
                    </Platform>
                    <Platform Name="iOSSimulator">
                        <RemoteDir>..\$(PROJECTNAME).launchscreen\Assets\LaunchScreenImage.imageset</RemoteDir>
                        <Operation>1</Operation>
                    </Platform>
                </DeployClass>
                <DeployClass Name="iPhone_Launch640">
                    <Platform Name="iOSDevice32">
                        <Operation>1</Operation>
                    </Platform>
                    <Platform Name="iOSDevice64">
                        <Operation>1</Operation>
                    </Platform>
                    <Platform Name="iOSSimulator">
                        <Operation>1</Operation>
                    </Platform>
                </DeployClass>
                <DeployClass Name="iPhone_Launch640x1136">
                    <Platform Name="iOSDevice32">
                        <Operation>1</Operation>
                    </Platform>
                    <Platform Name="iOSDevice64">
                        <Operation>1</Operation>
                    </Platform>
                    <Platform Name="iOSSimulator">
                        <Operation>1</Operation>
                    </Platform>
                </DeployClass>
                <DeployClass Name="iPhone_LaunchDark2x">
                    <Platform Name="iOSDevice64">
                        <RemoteDir>..\$(PROJECTNAME).launchscreen\Assets\LaunchScreenImage.imageset</RemoteDir>
                        <Operation>1</Operation>
                    </Platform>
                    <Platform Name="iOSSimulator">
                        <RemoteDir>..\$(PROJECTNAME).launchscreen\Assets\LaunchScreenImage.imageset</RemoteDir>
                        <Operation>1</Operation>
                    </Platform>
                </DeployClass>
                <DeployClass Name="iPhone_LaunchDark3x">
                    <Platform Name="iOSDevice64">
                        <RemoteDir>..\$(PROJECTNAME).launchscreen\Assets\LaunchScreenImage.imageset</RemoteDir>
                        <Operation>1</Operation>
                    </Platform>
                    <Platform Name="iOSSimulator">
                        <RemoteDir>..\$(PROJECTNAME).launchscreen\Assets\LaunchScreenImage.imageset</RemoteDir>
                        <Operation>1</Operation>
                    </Platform>
                </DeployClass>
                <DeployClass Name="iPhone_Notification40">
                    <Platform Name="iOSDevice64">
                        <RemoteDir>..\$(PROJECTNAME).launchscreen\Assets\AppIcon.appiconset</RemoteDir>
                        <Operation>1</Operation>
                    </Platform>
                    <Platform Name="iOSSimulator">
                        <RemoteDir>..\$(PROJECTNAME).launchscreen\Assets\AppIcon.appiconset</RemoteDir>
                        <Operation>1</Operation>
                    </Platform>
                </DeployClass>
                <DeployClass Name="iPhone_Notification60">
                    <Platform Name="iOSDevice64">
                        <RemoteDir>..\$(PROJECTNAME).launchscreen\Assets\AppIcon.appiconset</RemoteDir>
                        <Operation>1</Operation>
                    </Platform>
                    <Platform Name="iOSSimulator">
                        <RemoteDir>..\$(PROJECTNAME).launchscreen\Assets\AppIcon.appiconset</RemoteDir>
                        <Operation>1</Operation>
                    </Platform>
                </DeployClass>
                <DeployClass Name="iPhone_Setting58">
                    <Platform Name="iOSDevice64">
                        <RemoteDir>..\$(PROJECTNAME).launchscreen\Assets\AppIcon.appiconset</RemoteDir>
                        <Operation>1</Operation>
                    </Platform>
                    <Platform Name="iOSSimulator">
                        <RemoteDir>..\$(PROJECTNAME).launchscreen\Assets\AppIcon.appiconset</RemoteDir>
                        <Operation>1</Operation>
                    </Platform>
                </DeployClass>
                <DeployClass Name="iPhone_Setting87">
                    <Platform Name="iOSDevice64">
                        <RemoteDir>..\$(PROJECTNAME).launchscreen\Assets\AppIcon.appiconset</RemoteDir>
                        <Operation>1</Operation>
                    </Platform>
                    <Platform Name="iOSSimulator">
                        <RemoteDir>..\$(PROJECTNAME).launchscreen\Assets\AppIcon.appiconset</RemoteDir>
                        <Operation>1</Operation>
                    </Platform>
                </DeployClass>
                <DeployClass Name="iPhone_Spotlight120">
                    <Platform Name="iOSDevice64">
                        <RemoteDir>..\$(PROJECTNAME).launchscreen\Assets\AppIcon.appiconset</RemoteDir>
                        <Operation>1</Operation>
                    </Platform>
                    <Platform Name="iOSSimulator">
                        <RemoteDir>..\$(PROJECTNAME).launchscreen\Assets\AppIcon.appiconset</RemoteDir>
                        <Operation>1</Operation>
                    </Platform>
                </DeployClass>
                <DeployClass Name="iPhone_Spotlight80">
                    <Platform Name="iOSDevice64">
                        <RemoteDir>..\$(PROJECTNAME).launchscreen\Assets\AppIcon.appiconset</RemoteDir>
                        <Operation>1</Operation>
                    </Platform>
                    <Platform Name="iOSSimulator">
                        <RemoteDir>..\$(PROJECTNAME).launchscreen\Assets\AppIcon.appiconset</RemoteDir>
                        <Operation>1</Operation>
                    </Platform>
                </DeployClass>
                <DeployClass Name="ProjectAndroidManifest">
                    <Platform Name="Android">
                        <Operation>1</Operation>
                    </Platform>
                    <Platform Name="Android64">
                        <Operation>1</Operation>
                    </Platform>
                </DeployClass>
                <DeployClass Name="ProjectiOSDeviceDebug">
                    <Platform Name="iOSDevice32">
                        <RemoteDir>..\$(PROJECTNAME).app.dSYM\Contents\Resources\DWARF</RemoteDir>
                        <Operation>1</Operation>
                    </Platform>
                    <Platform Name="iOSDevice64">
                        <RemoteDir>..\$(PROJECTNAME).app.dSYM\Contents\Resources\DWARF</RemoteDir>
                        <Operation>1</Operation>
                    </Platform>
                </DeployClass>
                <DeployClass Name="ProjectiOSDeviceResourceRules">
                    <Platform Name="iOSDevice32">
                        <Operation>1</Operation>
                    </Platform>
                    <Platform Name="iOSDevice64">
                        <Operation>1</Operation>
                    </Platform>
                </DeployClass>
                <DeployClass Name="ProjectiOSEntitlements">
                    <Platform Name="iOSDevice32">
                        <RemoteDir>..\</RemoteDir>
                        <Operation>1</Operation>
                    </Platform>
                    <Platform Name="iOSDevice64">
                        <RemoteDir>..\</RemoteDir>
                        <Operation>1</Operation>
                    </Platform>
                </DeployClass>
                <DeployClass Name="ProjectiOSInfoPList">
                    <Platform Name="iOSDevice32">
                        <Operation>1</Operation>
                    </Platform>
                    <Platform Name="iOSDevice64">
                        <Operation>1</Operation>
                    </Platform>
                    <Platform Name="iOSSimulator">
                        <Operation>1</Operation>
                    </Platform>
                </DeployClass>
                <DeployClass Name="ProjectiOSLaunchScreen">
                    <Platform Name="iOSDevice64">
                        <RemoteDir>..\$(PROJECTNAME).launchscreen</RemoteDir>
                        <Operation>64</Operation>
                    </Platform>
                    <Platform Name="iOSSimulator">
                        <RemoteDir>..\$(PROJECTNAME).launchscreen</RemoteDir>
                        <Operation>64</Operation>
                    </Platform>
                </DeployClass>
                <DeployClass Name="ProjectiOSResource">
                    <Platform Name="iOSDevice32">
                        <Operation>1</Operation>
                    </Platform>
                    <Platform Name="iOSDevice64">
                        <Operation>1</Operation>
                    </Platform>
                    <Platform Name="iOSSimulator">
                        <Operation>1</Operation>
                    </Platform>
                </DeployClass>
                <DeployClass Name="ProjectOSXDebug">
                    <Platform Name="OSX64">
                        <RemoteDir>..\$(PROJECTNAME).app.dSYM\Contents\Resources\DWARF</RemoteDir>
                        <Operation>1</Operation>
                    </Platform>
                </DeployClass>
                <DeployClass Name="ProjectOSXEntitlements">
                    <Platform Name="OSX32">
                        <RemoteDir>..\</RemoteDir>
                        <Operation>1</Operation>
                    </Platform>
                    <Platform Name="OSX64">
                        <RemoteDir>..\</RemoteDir>
                        <Operation>1</Operation>
                    </Platform>
                </DeployClass>
                <DeployClass Name="ProjectOSXInfoPList">
                    <Platform Name="OSX32">
                        <RemoteDir>Contents</RemoteDir>
                        <Operation>1</Operation>
                    </Platform>
                    <Platform Name="OSX64">
                        <RemoteDir>Contents</RemoteDir>
                        <Operation>1</Operation>
                    </Platform>
                </DeployClass>
                <DeployClass Name="ProjectOSXResource">
                    <Platform Name="OSX32">
                        <RemoteDir>Contents\Resources</RemoteDir>
                        <Operation>1</Operation>
                    </Platform>
                    <Platform Name="OSX64">
                        <RemoteDir>Contents\Resources</RemoteDir>
                        <Operation>1</Operation>
                    </Platform>
                </DeployClass>
                <DeployClass Required="true" Name="ProjectOutput">
                    <Platform Name="Android">
                        <RemoteDir>library\lib\armeabi-v7a</RemoteDir>
                        <Operation>1</Operation>
                    </Platform>
                    <Platform Name="Android64">
                        <RemoteDir>library\lib\arm64-v8a</RemoteDir>
                        <Operation>1</Operation>
                    </Platform>
                    <Platform Name="iOSDevice32">
                        <Operation>1</Operation>
                    </Platform>
                    <Platform Name="iOSDevice64">
                        <Operation>1</Operation>
                    </Platform>
                    <Platform Name="iOSSimulator">
                        <Operation>1</Operation>
                    </Platform>
                    <Platform Name="Linux64">
                        <Operation>1</Operation>
                    </Platform>
                    <Platform Name="OSX32">
                        <RemoteDir>Contents\MacOS</RemoteDir>
                        <Operation>1</Operation>
                    </Platform>
                    <Platform Name="OSX64">
                        <RemoteDir>Contents\MacOS</RemoteDir>
                        <Operation>1</Operation>
                    </Platform>
                    <Platform Name="Win32">
                        <Operation>0</Operation>
                    </Platform>
                </DeployClass>
                <DeployClass Name="ProjectOutput_Android32">
                    <Platform Name="Android64">
                        <RemoteDir>library\lib\armeabi-v7a</RemoteDir>
                        <Operation>1</Operation>
                    </Platform>
                </DeployClass>
                <DeployClass Name="ProjectUWPManifest">
                    <Platform Name="Win32">
                        <Operation>1</Operation>
                    </Platform>
                    <Platform Name="Win64">
                        <Operation>1</Operation>
                    </Platform>
                </DeployClass>
                <DeployClass Name="UWP_DelphiLogo150">
                    <Platform Name="Win32">
                        <RemoteDir>Assets</RemoteDir>
                        <Operation>1</Operation>
                    </Platform>
                    <Platform Name="Win64">
                        <RemoteDir>Assets</RemoteDir>
                        <Operation>1</Operation>
                    </Platform>
                </DeployClass>
                <DeployClass Name="UWP_DelphiLogo44">
                    <Platform Name="Win32">
                        <RemoteDir>Assets</RemoteDir>
                        <Operation>1</Operation>
                    </Platform>
                    <Platform Name="Win64">
                        <RemoteDir>Assets</RemoteDir>
                        <Operation>1</Operation>
                    </Platform>
                </DeployClass>
                <ProjectRoot Platform="iOSDevice64" Name="$(PROJECTNAME).app"/>
                <ProjectRoot Platform="Win64" Name="$(PROJECTNAME)"/>
                <ProjectRoot Platform="iOSDevice32" Name="$(PROJECTNAME).app"/>
                <ProjectRoot Platform="Linux64" Name="$(PROJECTNAME)"/>
                <ProjectRoot Platform="Win32" Name="$(PROJECTNAME)"/>
                <ProjectRoot Platform="OSX32" Name="$(PROJECTNAME).app"/>
                <ProjectRoot Platform="Android" Name="$(PROJECTNAME)"/>
                <ProjectRoot Platform="OSX64" Name="$(PROJECTNAME).app"/>
                <ProjectRoot Platform="iOSSimulator" Name="$(PROJECTNAME).app"/>
                <ProjectRoot Platform="Android64" Name="$(PROJECTNAME)"/>
            </Deployment>
            <Platforms>
                <Platform value="Win32">True</Platform>
                <Platform value="Win64">False</Platform>
            </Platforms>
            <ModelSupport>False</ModelSupport>
        </BorlandProject>
        <ProjectFileVersion>12</ProjectFileVersion>
    </ProjectExtensions>
    <Import Project="$(BDS)\Bin\CodeGear.Delphi.Targets" Condition="Exists('$(BDS)\Bin\CodeGear.Delphi.Targets')"/>
    <Import Project="$(APPDATA)\Embarcadero\$(BDSAPPDATABASEDIR)\$(PRODUCTVERSION)\UserTools.proj" Condition="Exists('$(APPDATA)\Embarcadero\$(BDSAPPDATABASEDIR)\$(PRODUCTVERSION)\UserTools.proj')"/>
    <Import Project="$(MSBuildProjectName).deployproj" Condition="Exists('$(MSBuildProjectName).deployproj')"/>
</Project>
